
Microsoft Visual Studio Solution File, Format Version 12.00
# Visual Studio Version 16
VisualStudioVersion = 16.0.31702.278
MinimumVisualStudioVersion = 10.0.40219.1
Project("{FAE04EC0-301F-11D3-BF4B-00C04F79EFBC}") = "HelloWorld.Lib", "HelloWorld.Lib\HelloWorld.Lib.csproj", "{10D10D0C-B85E-4D91-8AF0-184CEC0131C8}"
EndProject
Project("{2150E333-8FDC-42A3-9474-1A3956D46DE8}") = "1", "1", "{5CE34144-4FB7-4DA7-96E6-FD985E79E970}"
EndProject
Project("{9A19103F-16F7-4668-BE54-9A1E7A4F7556}") = "HelloWorld.Cli", "HelloWorld.Cli\HelloWorld.Cli.csproj", "{A6CD700F-B6B7-4472-B294-57EEE6FBC4C8}"
EndProject
Project("{2150E333-8FDC-42A3-9474-1A3956D46DE8}") = "2", "2", "{3018C4B1-CE53-441A-81C5-FC0881546D86}"
EndProject
Project("{FAE04EC0-301F-11D3-BF4B-00C04F79EFBC}") = "ReadWriteInfo.Cli", "ReadWriteInfo.Cli\ReadWriteInfo.Cli.csproj", "{617F6D47-89AD-450A-A54E-D529D13DB3D3}"
EndProject
Global
	GlobalSection(SolutionConfigurationPlatforms) = preSolution
		Debug|Any CPU = Debug|Any CPU
		Release|Any CPU = Release|Any CPU
	EndGlobalSection
	GlobalSection(ProjectConfigurationPlatforms) = postSolution
		{10D10D0C-B85E-4D91-8AF0-184CEC0131C8}.Debug|Any CPU.ActiveCfg = Debug|Any CPU
		{10D10D0C-B85E-4D91-8AF0-184CEC0131C8}.Debug|Any CPU.Build.0 = Debug|Any CPU
		{10D10D0C-B85E-4D91-8AF0-184CEC0131C8}.Release|Any CPU.ActiveCfg = Release|Any CPU
		{10D10D0C-B85E-4D91-8AF0-184CEC0131C8}.Release|Any CPU.Build.0 = Release|Any CPU
		{A6CD700F-B6B7-4472-B294-57EEE6FBC4C8}.Debug|Any CPU.ActiveCfg = Debug|Any CPU
		{A6CD700F-B6B7-4472-B294-57EEE6FBC4C8}.Debug|Any CPU.Build.0 = Debug|Any CPU
		{A6CD700F-B6B7-4472-B294-57EEE6FBC4C8}.Release|Any CPU.ActiveCfg = Release|Any CPU
		{A6CD700F-B6B7-4472-B294-57EEE6FBC4C8}.Release|Any CPU.Build.0 = Release|Any CPU
		{617F6D47-89AD-450A-A54E-D529D13DB3D3}.Debug|Any CPU.ActiveCfg = Debug|Any CPU
		{617F6D47-89AD-450A-A54E-D529D13DB3D3}.Debug|Any CPU.Build.0 = Debug|Any CPU
		{617F6D47-89AD-450A-A54E-D529D13DB3D3}.Release|Any CPU.ActiveCfg = Release|Any CPU
		{617F6D47-89AD-450A-A54E-D529D13DB3D3}.Release|Any CPU.Build.0 = Release|Any CPU
	EndGlobalSection
	GlobalSection(SolutionProperties) = preSolution
		HideSolutionNode = FALSE
	EndGlobalSection
	GlobalSection(NestedProjects) = preSolution
		{10D10D0C-B85E-4D91-8AF0-184CEC0131C8} = {5CE34144-4FB7-4DA7-96E6-FD985E79E970}
		{A6CD700F-B6B7-4472-B294-57EEE6FBC4C8} = {5CE34144-4FB7-4DA7-96E6-FD985E79E970}
		{617F6D47-89AD-450A-A54E-D529D13DB3D3} = {3018C4B1-CE53-441A-81C5-FC0881546D86}
	EndGlobalSection
	GlobalSection(ExtensibilityGlobals) = postSolution
		SolutionGuid = {56024E9E-93FD-4A5E-91AF-7848952660C3}
	EndGlobalSection
EndGlobal
