
Microsoft Visual Studio Solution File, Format Version 12.00
# Visual Studio Version 16
VisualStudioVersion = 16.0.31702.278
MinimumVisualStudioVersion = 10.0.40219.1
Project("{FAE04EC0-301F-11D3-BF4B-00C04F79EFBC}") = "Matrix.Cli", "Matrix.Cli\Matrix.Cli.csproj", "{7FDAD28E-A1DB-400A-88C1-E4C95D387942}"
EndProject
Project("{2150E333-8FDC-42A3-9474-1A3956D46DE8}") = "A1", "A1", "{A8FD489F-C4AB-4902-A3B6-A190665573DF}"
EndProject
Project("{FAE04EC0-301F-11D3-BF4B-00C04F79EFBC}") = "Sudoku.Cli", "Sudoku.Cli\Sudoku.Cli.csproj", "{2292B83B-ABC6-451A-BEFF-296ECE03C7E3}"
EndProject
Project("{2150E333-8FDC-42A3-9474-1A3956D46DE8}") = "A2", "A2", "{CE3B6213-471B-423A-A5CF-BDB08C1D7814}"
EndProject
Project("{2150E333-8FDC-42A3-9474-1A3956D46DE8}") = "A5", "A5", "{EA27D53F-839A-4687-BC06-56DD6F49CAC3}"
EndProject
Project("{FAE04EC0-301F-11D3-BF4B-00C04F79EFBC}") = "Drinks.Cli", "Drinks.Cli\Drinks.Cli.csproj", "{F0E0489C-A38F-44F3-BC94-ACD14D39B7C2}"
EndProject
Project("{2150E333-8FDC-42A3-9474-1A3956D46DE8}") = "A6", "A6", "{055C90C7-3A2F-4D1B-A3BE-204CF6045C1F}"
EndProject
Project("{FAE04EC0-301F-11D3-BF4B-00C04F79EFBC}") = "SongManager.Cli", "SongManager.Cli\SongManager.Cli.csproj", "{E865E810-7A7A-4A96-B5FA-63E71C10161F}"
EndProject
Project("{2150E333-8FDC-42A3-9474-1A3956D46DE8}") = "A7", "A7", "{77C7C81E-B130-46F7-B02A-BC283085FF2B}"
EndProject
Project("{FAE04EC0-301F-11D3-BF4B-00C04F79EFBC}") = "Toolbox.Cli", "Toolbox.Cli\Toolbox.Cli.csproj", "{3BC793D1-9CD7-428F-879E-9A89B9FB5C5C}"
EndProject
Project("{2150E333-8FDC-42A3-9474-1A3956D46DE8}") = "A3", "A3", "{B59FF553-C364-4D7F-8EA0-705E7F7CE5CA}"
EndProject
Project("{FAE04EC0-301F-11D3-BF4B-00C04F79EFBC}") = "Flowchart.A.Cli", "Flowchart.A.Cli\Flowchart.A.Cli.csproj", "{D20B01FF-1D89-4FF4-B707-D1DBC8DFCA86}"
EndProject
Project("{FAE04EC0-301F-11D3-BF4B-00C04F79EFBC}") = "Flowchart.B.Cli", "Flowchart.B.Cli\Flowchart.B.Cli.csproj", "{B15FB5B5-4B86-4B16-97B6-D7F27CEB04DC}"
EndProject
Project("{2150E333-8FDC-42A3-9474-1A3956D46DE8}") = "A4", "A4", "{A2A8E6AD-A8B9-47B2-9B2A-FC21FBB34330}"
EndProject
Project("{FAE04EC0-301F-11D3-BF4B-00C04F79EFBC}") = "GearingCalculator.Cli", "GearingCalculator.Cli\GearingCalculator.Cli.csproj", "{54687463-A5FD-4D92-AF91-037CC27CD90F}"
EndProject
Project("{2150E333-8FDC-42A3-9474-1A3956D46DE8}") = "A8", "A8", "{CA986500-B7D3-48CE-996B-F1227F97C11B}"
EndProject
Project("{FAE04EC0-301F-11D3-BF4B-00C04F79EFBC}") = "EVManager", "EVManager\EVManager.csproj", "{263C7596-CB3B-4384-A740-149797C1B2CB}"
EndProject
Global
	GlobalSection(SolutionConfigurationPlatforms) = preSolution
		Debug|Any CPU = Debug|Any CPU
		Release|Any CPU = Release|Any CPU
	EndGlobalSection
	GlobalSection(ProjectConfigurationPlatforms) = postSolution
		{7FDAD28E-A1DB-400A-88C1-E4C95D387942}.Debug|Any CPU.ActiveCfg = Debug|Any CPU
		{7FDAD28E-A1DB-400A-88C1-E4C95D387942}.Debug|Any CPU.Build.0 = Debug|Any CPU
		{7FDAD28E-A1DB-400A-88C1-E4C95D387942}.Release|Any CPU.ActiveCfg = Release|Any CPU
		{7FDAD28E-A1DB-400A-88C1-E4C95D387942}.Release|Any CPU.Build.0 = Release|Any CPU
		{2292B83B-ABC6-451A-BEFF-296ECE03C7E3}.Debug|Any CPU.ActiveCfg = Debug|Any CPU
		{2292B83B-ABC6-451A-BEFF-296ECE03C7E3}.Debug|Any CPU.Build.0 = Debug|Any CPU
		{2292B83B-ABC6-451A-BEFF-296ECE03C7E3}.Release|Any CPU.ActiveCfg = Release|Any CPU
		{2292B83B-ABC6-451A-BEFF-296ECE03C7E3}.Release|Any CPU.Build.0 = Release|Any CPU
		{F0E0489C-A38F-44F3-BC94-ACD14D39B7C2}.Debug|Any CPU.ActiveCfg = Debug|Any CPU
		{F0E0489C-A38F-44F3-BC94-ACD14D39B7C2}.Debug|Any CPU.Build.0 = Debug|Any CPU
		{F0E0489C-A38F-44F3-BC94-ACD14D39B7C2}.Release|Any CPU.ActiveCfg = Release|Any CPU
		{F0E0489C-A38F-44F3-BC94-ACD14D39B7C2}.Release|Any CPU.Build.0 = Release|Any CPU
		{E865E810-7A7A-4A96-B5FA-63E71C10161F}.Debug|Any CPU.ActiveCfg = Debug|Any CPU
		{E865E810-7A7A-4A96-B5FA-63E71C10161F}.Debug|Any CPU.Build.0 = Debug|Any CPU
		{E865E810-7A7A-4A96-B5FA-63E71C10161F}.Release|Any CPU.ActiveCfg = Release|Any CPU
		{E865E810-7A7A-4A96-B5FA-63E71C10161F}.Release|Any CPU.Build.0 = Release|Any CPU
		{3BC793D1-9CD7-428F-879E-9A89B9FB5C5C}.Debug|Any CPU.ActiveCfg = Debug|Any CPU
		{3BC793D1-9CD7-428F-879E-9A89B9FB5C5C}.Debug|Any CPU.Build.0 = Debug|Any CPU
		{3BC793D1-9CD7-428F-879E-9A89B9FB5C5C}.Release|Any CPU.ActiveCfg = Release|Any CPU
		{3BC793D1-9CD7-428F-879E-9A89B9FB5C5C}.Release|Any CPU.Build.0 = Release|Any CPU
		{D20B01FF-1D89-4FF4-B707-D1DBC8DFCA86}.Debug|Any CPU.ActiveCfg = Debug|Any CPU
		{D20B01FF-1D89-4FF4-B707-D1DBC8DFCA86}.Debug|Any CPU.Build.0 = Debug|Any CPU
		{D20B01FF-1D89-4FF4-B707-D1DBC8DFCA86}.Release|Any CPU.ActiveCfg = Release|Any CPU
		{D20B01FF-1D89-4FF4-B707-D1DBC8DFCA86}.Release|Any CPU.Build.0 = Release|Any CPU
		{B15FB5B5-4B86-4B16-97B6-D7F27CEB04DC}.Debug|Any CPU.ActiveCfg = Debug|Any CPU
		{B15FB5B5-4B86-4B16-97B6-D7F27CEB04DC}.Debug|Any CPU.Build.0 = Debug|Any CPU
		{B15FB5B5-4B86-4B16-97B6-D7F27CEB04DC}.Release|Any CPU.ActiveCfg = Release|Any CPU
		{B15FB5B5-4B86-4B16-97B6-D7F27CEB04DC}.Release|Any CPU.Build.0 = Release|Any CPU
		{54687463-A5FD-4D92-AF91-037CC27CD90F}.Debug|Any CPU.ActiveCfg = Debug|Any CPU
		{54687463-A5FD-4D92-AF91-037CC27CD90F}.Debug|Any CPU.Build.0 = Debug|Any CPU
		{54687463-A5FD-4D92-AF91-037CC27CD90F}.Release|Any CPU.ActiveCfg = Release|Any CPU
		{54687463-A5FD-4D92-AF91-037CC27CD90F}.Release|Any CPU.Build.0 = Release|Any CPU
		{263C7596-CB3B-4384-A740-149797C1B2CB}.Debug|Any CPU.ActiveCfg = Debug|Any CPU
		{263C7596-CB3B-4384-A740-149797C1B2CB}.Debug|Any CPU.Build.0 = Debug|Any CPU
		{263C7596-CB3B-4384-A740-149797C1B2CB}.Release|Any CPU.ActiveCfg = Release|Any CPU
		{263C7596-CB3B-4384-A740-149797C1B2CB}.Release|Any CPU.Build.0 = Release|Any CPU
	EndGlobalSection
	GlobalSection(SolutionProperties) = preSolution
		HideSolutionNode = FALSE
	EndGlobalSection
	GlobalSection(NestedProjects) = preSolution
		{7FDAD28E-A1DB-400A-88C1-E4C95D387942} = {A8FD489F-C4AB-4902-A3B6-A190665573DF}
		{2292B83B-ABC6-451A-BEFF-296ECE03C7E3} = {CE3B6213-471B-423A-A5CF-BDB08C1D7814}
		{F0E0489C-A38F-44F3-BC94-ACD14D39B7C2} = {EA27D53F-839A-4687-BC06-56DD6F49CAC3}
		{E865E810-7A7A-4A96-B5FA-63E71C10161F} = {055C90C7-3A2F-4D1B-A3BE-204CF6045C1F}
		{3BC793D1-9CD7-428F-879E-9A89B9FB5C5C} = {77C7C81E-B130-46F7-B02A-BC283085FF2B}
		{D20B01FF-1D89-4FF4-B707-D1DBC8DFCA86} = {B59FF553-C364-4D7F-8EA0-705E7F7CE5CA}
		{B15FB5B5-4B86-4B16-97B6-D7F27CEB04DC} = {B59FF553-C364-4D7F-8EA0-705E7F7CE5CA}
		{54687463-A5FD-4D92-AF91-037CC27CD90F} = {A2A8E6AD-A8B9-47B2-9B2A-FC21FBB34330}
		{263C7596-CB3B-4384-A740-149797C1B2CB} = {CA986500-B7D3-48CE-996B-F1227F97C11B}
	EndGlobalSection
	GlobalSection(ExtensibilityGlobals) = postSolution
		SolutionGuid = {B27FF865-09C6-4942-9651-2DFCFCB38D6C}
	EndGlobalSection
EndGlobal
