
Microsoft Visual Studio Solution File, Format Version 12.00
# Visual Studio Version 16
VisualStudioVersion = 16.0.31702.278
MinimumVisualStudioVersion = 10.0.40219.1
Project("{FAE04EC0-301F-11D3-BF4B-00C04F79EFBC}") = "A2.1", "A2.1\A2.1.csproj", "{452612E3-3F91-48ED-80AF-0755D6768A19}"
EndProject
Project("{2150E333-8FDC-42A3-9474-1A3956D46DE8}") = "2.1", "2.1", "{EE83914A-AA34-4341-824E-3596EA79C6A0}"
EndProject
Project("{2150E333-8FDC-42A3-9474-1A3956D46DE8}") = "2.2", "2.2", "{08794319-EE7C-4A17-B4FA-49C01397CDEC}"
EndProject
Project("{FAE04EC0-301F-11D3-BF4B-00C04F79EFBC}") = "A2.2", "A2.2\A2.2.csproj", "{EFC8F408-2D51-4D6F-85DC-FB934629B7CF}"
EndProject
Project("{2150E333-8FDC-42A3-9474-1A3956D46DE8}") = "2.3", "2.3", "{5C1892D8-CEE8-494B-B2B7-84EE0D1456E7}"
EndProject
Project("{FAE04EC0-301F-11D3-BF4B-00C04F79EFBC}") = "A2.3", "A2.3\A2.3.csproj", "{158407EA-D5D5-4EB0-8ECC-612966F2A251}"
EndProject
Project("{2150E333-8FDC-42A3-9474-1A3956D46DE8}") = "2.4", "2.4", "{5554AE68-5E99-42B2-BB00-4E7D4F071497}"
EndProject
Project("{FAE04EC0-301F-11D3-BF4B-00C04F79EFBC}") = "A2.4", "A2.4\A2.4.csproj", "{DEB84FD0-B81E-4223-973F-5351DEBC0269}"
EndProject
Project("{2150E333-8FDC-42A3-9474-1A3956D46DE8}") = "2.4.2", "2.4.2", "{99DD3470-A92B-4F69-B0E9-3208C3F7770A}"
EndProject
Project("{FAE04EC0-301F-11D3-BF4B-00C04F79EFBC}") = "2.4.2", "2.4.2\2.4.2.csproj", "{7F22EA97-DF18-4537-9FC3-71DC796C6C6F}"
EndProject
Global
	GlobalSection(SolutionConfigurationPlatforms) = preSolution
		Debug|Any CPU = Debug|Any CPU
		Release|Any CPU = Release|Any CPU
	EndGlobalSection
	GlobalSection(ProjectConfigurationPlatforms) = postSolution
		{452612E3-3F91-48ED-80AF-0755D6768A19}.Debug|Any CPU.ActiveCfg = Debug|Any CPU
		{452612E3-3F91-48ED-80AF-0755D6768A19}.Debug|Any CPU.Build.0 = Debug|Any CPU
		{452612E3-3F91-48ED-80AF-0755D6768A19}.Release|Any CPU.ActiveCfg = Release|Any CPU
		{452612E3-3F91-48ED-80AF-0755D6768A19}.Release|Any CPU.Build.0 = Release|Any CPU
		{EFC8F408-2D51-4D6F-85DC-FB934629B7CF}.Debug|Any CPU.ActiveCfg = Debug|Any CPU
		{EFC8F408-2D51-4D6F-85DC-FB934629B7CF}.Debug|Any CPU.Build.0 = Debug|Any CPU
		{EFC8F408-2D51-4D6F-85DC-FB934629B7CF}.Release|Any CPU.ActiveCfg = Release|Any CPU
		{EFC8F408-2D51-4D6F-85DC-FB934629B7CF}.Release|Any CPU.Build.0 = Release|Any CPU
		{158407EA-D5D5-4EB0-8ECC-612966F2A251}.Debug|Any CPU.ActiveCfg = Debug|Any CPU
		{158407EA-D5D5-4EB0-8ECC-612966F2A251}.Debug|Any CPU.Build.0 = Debug|Any CPU
		{158407EA-D5D5-4EB0-8ECC-612966F2A251}.Release|Any CPU.ActiveCfg = Release|Any CPU
		{158407EA-D5D5-4EB0-8ECC-612966F2A251}.Release|Any CPU.Build.0 = Release|Any CPU
		{DEB84FD0-B81E-4223-973F-5351DEBC0269}.Debug|Any CPU.ActiveCfg = Debug|Any CPU
		{DEB84FD0-B81E-4223-973F-5351DEBC0269}.Debug|Any CPU.Build.0 = Debug|Any CPU
		{DEB84FD0-B81E-4223-973F-5351DEBC0269}.Release|Any CPU.ActiveCfg = Release|Any CPU
		{DEB84FD0-B81E-4223-973F-5351DEBC0269}.Release|Any CPU.Build.0 = Release|Any CPU
		{7F22EA97-DF18-4537-9FC3-71DC796C6C6F}.Debug|Any CPU.ActiveCfg = Debug|Any CPU
		{7F22EA97-DF18-4537-9FC3-71DC796C6C6F}.Debug|Any CPU.Build.0 = Debug|Any CPU
		{7F22EA97-DF18-4537-9FC3-71DC796C6C6F}.Release|Any CPU.ActiveCfg = Release|Any CPU
		{7F22EA97-DF18-4537-9FC3-71DC796C6C6F}.Release|Any CPU.Build.0 = Release|Any CPU
	EndGlobalSection
	GlobalSection(SolutionProperties) = preSolution
		HideSolutionNode = FALSE
	EndGlobalSection
	GlobalSection(NestedProjects) = preSolution
		{452612E3-3F91-48ED-80AF-0755D6768A19} = {EE83914A-AA34-4341-824E-3596EA79C6A0}
		{EFC8F408-2D51-4D6F-85DC-FB934629B7CF} = {08794319-EE7C-4A17-B4FA-49C01397CDEC}
		{158407EA-D5D5-4EB0-8ECC-612966F2A251} = {5C1892D8-CEE8-494B-B2B7-84EE0D1456E7}
		{DEB84FD0-B81E-4223-973F-5351DEBC0269} = {5554AE68-5E99-42B2-BB00-4E7D4F071497}
		{7F22EA97-DF18-4537-9FC3-71DC796C6C6F} = {99DD3470-A92B-4F69-B0E9-3208C3F7770A}
	EndGlobalSection
	GlobalSection(ExtensibilityGlobals) = postSolution
		SolutionGuid = {F30BF50F-CAE8-4DF0-A534-4640B9DA13B3}
	EndGlobalSection
EndGlobal
